Microsoft Visual Studio Solution File, Format Version 12.00
# Visual Studio 2012
Project("{FAE04EC0-301F-11D3-BF4B-00C04F79EFBC}") = "Dc", "Dc.csproj", "{F6A234CA-A063-441F-872D-F740E2DFECB5}"
EndProject
Global
	GlobalSection(SolutionConfigurationPlatforms) = preSolution
	Debug|Any CPU = Debug|Any CPU
	Release|Any CPU = Release|Any CPU
	Tools|Any CPU = Tools|Any CPU
	EndGlobalSection
	GlobalSection(ProjectConfigurationPlatforms) = postSolution
		{F6A234CA-A063-441F-872D-F740E2DFECB5}.Debug|Any CPU.ActiveCfg = Debug|Any CPU
		{F6A234CA-A063-441F-872D-F740E2DFECB5}.Debug|Any CPU.Build.0 = Debug|Any CPU
		{F6A234CA-A063-441F-872D-F740E2DFECB5}.Release|Any CPU.ActiveCfg = Release|Any CPU
		{F6A234CA-A063-441F-872D-F740E2DFECB5}.Release|Any CPU.Build.0 = Release|Any CPU
		{F6A234CA-A063-441F-872D-F740E2DFECB5}.Tools|Any CPU.ActiveCfg = Tools|Any CPU
		{F6A234CA-A063-441F-872D-F740E2DFECB5}.Tools|Any CPU.Build.0 = Tools|Any CPU
	EndGlobalSection
EndGlobal
